
Microsoft Visual Studio Solution File, Format Version 12.00
# Visual Studio Version 17
VisualStudioVersion = 17.4.33205.214
MinimumVisualStudioVersion = 10.0.40219.1
Project("{9A19103F-16F7-4668-BE54-9A1E7A4F7556}") = "FuelStation.Model", "FuelStation.Model\FuelStation.Model.csproj", "{500A9A9B-46F9-4F9B-96B4-8DE2FCAA035C}"
EndProject
Project("{9A19103F-16F7-4668-BE54-9A1E7A4F7556}") = "FuelStation.EF", "FuelStation.EF\FuelStation.EF.csproj", "{94E6119E-CC80-4BA2-9C27-5AADCE0C2024}"
EndProject
Project("{9A19103F-16F7-4668-BE54-9A1E7A4F7556}") = "FuelStation.Web.Blazor.Server", "FuelStation.Web.Blazor\Server\FuelStation.Web.Blazor.Server.csproj", "{A795FBCE-2D5F-4770-A85A-90F879175BE9}"
EndProject
Project("{9A19103F-16F7-4668-BE54-9A1E7A4F7556}") = "FuelStation.Web.Blazor.Client", "FuelStation.Web.Blazor\Client\FuelStation.Web.Blazor.Client.csproj", "{57D36025-80B0-448A-84F8-60E56F8E0053}"
EndProject
Project("{9A19103F-16F7-4668-BE54-9A1E7A4F7556}") = "FuelStation.Web.Blazor.Shared", "FuelStation.Web.Blazor\Shared\FuelStation.Web.Blazor.Shared.csproj", "{C2C8723C-D1B9-456B-BA08-4D0F42B17166}"
EndProject
Project("{9A19103F-16F7-4668-BE54-9A1E7A4F7556}") = "FuelStation.Desktop.WinForms", "FuelStation.Desktop.WinForms\FuelStation.Desktop.WinForms.csproj", "{FC536660-F77B-4472-B229-9A8E035DDAAD}"
EndProject
Global
	GlobalSection(SolutionConfigurationPlatforms) = preSolution
		Debug|Any CPU = Debug|Any CPU
		Release|Any CPU = Release|Any CPU
	EndGlobalSection
	GlobalSection(ProjectConfigurationPlatforms) = postSolution
		{500A9A9B-46F9-4F9B-96B4-8DE2FCAA035C}.Debug|Any CPU.ActiveCfg = Debug|Any CPU
		{500A9A9B-46F9-4F9B-96B4-8DE2FCAA035C}.Debug|Any CPU.Build.0 = Debug|Any CPU
		{500A9A9B-46F9-4F9B-96B4-8DE2FCAA035C}.Release|Any CPU.ActiveCfg = Release|Any CPU
		{500A9A9B-46F9-4F9B-96B4-8DE2FCAA035C}.Release|Any CPU.Build.0 = Release|Any CPU
		{94E6119E-CC80-4BA2-9C27-5AADCE0C2024}.Debug|Any CPU.ActiveCfg = Debug|Any CPU
		{94E6119E-CC80-4BA2-9C27-5AADCE0C2024}.Debug|Any CPU.Build.0 = Debug|Any CPU
		{94E6119E-CC80-4BA2-9C27-5AADCE0C2024}.Release|Any CPU.ActiveCfg = Release|Any CPU
		{94E6119E-CC80-4BA2-9C27-5AADCE0C2024}.Release|Any CPU.Build.0 = Release|Any CPU
		{A795FBCE-2D5F-4770-A85A-90F879175BE9}.Debug|Any CPU.ActiveCfg = Debug|Any CPU
		{A795FBCE-2D5F-4770-A85A-90F879175BE9}.Debug|Any CPU.Build.0 = Debug|Any CPU
		{A795FBCE-2D5F-4770-A85A-90F879175BE9}.Release|Any CPU.ActiveCfg = Release|Any CPU
		{A795FBCE-2D5F-4770-A85A-90F879175BE9}.Release|Any CPU.Build.0 = Release|Any CPU
		{57D36025-80B0-448A-84F8-60E56F8E0053}.Debug|Any CPU.ActiveCfg = Debug|Any CPU
		{57D36025-80B0-448A-84F8-60E56F8E0053}.Debug|Any CPU.Build.0 = Debug|Any CPU
		{57D36025-80B0-448A-84F8-60E56F8E0053}.Release|Any CPU.ActiveCfg = Release|Any CPU
		{57D36025-80B0-448A-84F8-60E56F8E0053}.Release|Any CPU.Build.0 = Release|Any CPU
		{C2C8723C-D1B9-456B-BA08-4D0F42B17166}.Debug|Any CPU.ActiveCfg = Debug|Any CPU
		{C2C8723C-D1B9-456B-BA08-4D0F42B17166}.Debug|Any CPU.Build.0 = Debug|Any CPU
		{C2C8723C-D1B9-456B-BA08-4D0F42B17166}.Release|Any CPU.ActiveCfg = Release|Any CPU
		{C2C8723C-D1B9-456B-BA08-4D0F42B17166}.Release|Any CPU.Build.0 = Release|Any CPU
		{FC536660-F77B-4472-B229-9A8E035DDAAD}.Debug|Any CPU.ActiveCfg = Debug|Any CPU
		{FC536660-F77B-4472-B229-9A8E035DDAAD}.Debug|Any CPU.Build.0 = Debug|Any CPU
		{FC536660-F77B-4472-B229-9A8E035DDAAD}.Release|Any CPU.ActiveCfg = Release|Any CPU
		{FC536660-F77B-4472-B229-9A8E035DDAAD}.Release|Any CPU.Build.0 = Release|Any CPU
	EndGlobalSection
	GlobalSection(SolutionProperties) = preSolution
		HideSolutionNode = FALSE
	EndGlobalSection
	GlobalSection(ExtensibilityGlobals) = postSolution
		SolutionGuid = {02DD0E08-AD49-466F-8E16-2F0251E1BEBD}
	EndGlobalSection
EndGlobal
